
Microsoft Visual Studio Solution File, Format Version 12.00
# Visual Studio Version 17
VisualStudioVersion = 17.0.31903.59
MinimumVisualStudioVersion = 10.0.40219.1
Project("{FAE04EC0-301F-11D3-BF4B-00C04F79EFBC}") = "Lothus.Api", "Lothus.Api\Lothus.Api.csproj", "{67C6E933-A98E-4A90-9083-B279DB80B8A2}"
EndProject
Project("{2150E333-8FDC-42A3-9474-1A3956D46DE8}") = "Features", "Features", "{4CA67264-A92A-4967-8DE2-FF232647B96C}"
EndProject
Project("{2150E333-8FDC-42A3-9474-1A3956D46DE8}") = "Users", "Users", "{12DEA903-A09C-4995-867D-66719547D962}"
EndProject
Project("{FAE04EC0-301F-11D3-BF4B-00C04F79EFBC}") = "Lothus.Users.Domain", "Features\Users\Domain\Lothus.Users.Domain.csproj", "{D1964064-56DC-404D-B7A9-193647AD6A2B}"
EndProject
Project("{FAE04EC0-301F-11D3-BF4B-00C04F79EFBC}") = "Lothus.Users.Endpoints", "Features\Users\Endpoints\Lothus.Users.Endpoints.csproj", "{CD119F48-B1A8-4FE7-A41C-1EDCA20D6BDE}"
EndProject
Project("{FAE04EC0-301F-11D3-BF4B-00C04F79EFBC}") = "Lothus.Users.Feature", "Features\Users\Feature\Lothus.Users.Feature.csproj", "{2631B07B-4A71-4FCD-913F-AA1182446862}"
EndProject
Project("{FAE04EC0-301F-11D3-BF4B-00C04F79EFBC}") = "Lothus.Users.Infrastructure", "Features\Users\Infrastructure\Lothus.Users.Infrastructure.csproj", "{AF34B7FD-7923-4BE1-8E8E-CF07E0F586C2}"
EndProject
Global
	GlobalSection(SolutionConfigurationPlatforms) = preSolution
		Debug|Any CPU = Debug|Any CPU
		Release|Any CPU = Release|Any CPU
	EndGlobalSection
	GlobalSection(SolutionProperties) = preSolution
		HideSolutionNode = FALSE
	EndGlobalSection
	GlobalSection(ProjectConfigurationPlatforms) = postSolution
		{67C6E933-A98E-4A90-9083-B279DB80B8A2}.Debug|Any CPU.ActiveCfg = Debug|Any CPU
		{67C6E933-A98E-4A90-9083-B279DB80B8A2}.Debug|Any CPU.Build.0 = Debug|Any CPU
		{67C6E933-A98E-4A90-9083-B279DB80B8A2}.Release|Any CPU.ActiveCfg = Release|Any CPU
		{67C6E933-A98E-4A90-9083-B279DB80B8A2}.Release|Any CPU.Build.0 = Release|Any CPU
		{D1964064-56DC-404D-B7A9-193647AD6A2B}.Debug|Any CPU.ActiveCfg = Debug|Any CPU
		{D1964064-56DC-404D-B7A9-193647AD6A2B}.Debug|Any CPU.Build.0 = Debug|Any CPU
		{D1964064-56DC-404D-B7A9-193647AD6A2B}.Release|Any CPU.ActiveCfg = Release|Any CPU
		{D1964064-56DC-404D-B7A9-193647AD6A2B}.Release|Any CPU.Build.0 = Release|Any CPU
		{CD119F48-B1A8-4FE7-A41C-1EDCA20D6BDE}.Debug|Any CPU.ActiveCfg = Debug|Any CPU
		{CD119F48-B1A8-4FE7-A41C-1EDCA20D6BDE}.Debug|Any CPU.Build.0 = Debug|Any CPU
		{CD119F48-B1A8-4FE7-A41C-1EDCA20D6BDE}.Release|Any CPU.ActiveCfg = Release|Any CPU
		{CD119F48-B1A8-4FE7-A41C-1EDCA20D6BDE}.Release|Any CPU.Build.0 = Release|Any CPU
		{2631B07B-4A71-4FCD-913F-AA1182446862}.Debug|Any CPU.ActiveCfg = Debug|Any CPU
		{2631B07B-4A71-4FCD-913F-AA1182446862}.Debug|Any CPU.Build.0 = Debug|Any CPU
		{2631B07B-4A71-4FCD-913F-AA1182446862}.Release|Any CPU.ActiveCfg = Release|Any CPU
		{2631B07B-4A71-4FCD-913F-AA1182446862}.Release|Any CPU.Build.0 = Release|Any CPU
		{AF34B7FD-7923-4BE1-8E8E-CF07E0F586C2}.Debug|Any CPU.ActiveCfg = Debug|Any CPU
		{AF34B7FD-7923-4BE1-8E8E-CF07E0F586C2}.Debug|Any CPU.Build.0 = Debug|Any CPU
		{AF34B7FD-7923-4BE1-8E8E-CF07E0F586C2}.Release|Any CPU.ActiveCfg = Release|Any CPU
		{AF34B7FD-7923-4BE1-8E8E-CF07E0F586C2}.Release|Any CPU.Build.0 = Release|Any CPU
	EndGlobalSection
	GlobalSection(NestedProjects) = preSolution
		{12DEA903-A09C-4995-867D-66719547D962} = {4CA67264-A92A-4967-8DE2-FF232647B96C}
		{D1964064-56DC-404D-B7A9-193647AD6A2B} = {12DEA903-A09C-4995-867D-66719547D962}
		{CD119F48-B1A8-4FE7-A41C-1EDCA20D6BDE} = {12DEA903-A09C-4995-867D-66719547D962}
		{2631B07B-4A71-4FCD-913F-AA1182446862} = {12DEA903-A09C-4995-867D-66719547D962}
		{AF34B7FD-7923-4BE1-8E8E-CF07E0F586C2} = {12DEA903-A09C-4995-867D-66719547D962}
	EndGlobalSection
EndGlobal
